
Microsoft Visual Studio Solution File, Format Version 12.00
# Visual Studio Version 17
VisualStudioVersion = 17.5.002.0
MinimumVisualStudioVersion = 10.0.40219.1
Project("{2150E333-8FDC-42A3-9474-1A3956D46DE8}") = "csharp-hello_world", "csharp-hello_world", "{6B48C442-4909-4C3E-AC47-BBA3F7438130}"
EndProject
Project("{9A19103F-16F7-4668-BE54-9A1E7A4F7556}") = "3-writeline", "csharp-hello_world\3-writeline\3-writeline.csproj", "{276C4569-5036-4DBD-AD34-126670A390BB}"
EndProject
Global
	GlobalSection(SolutionConfigurationPlatforms) = preSolution
		Debug|Any CPU = Debug|Any CPU
		Release|Any CPU = Release|Any CPU
	EndGlobalSection
	GlobalSection(ProjectConfigurationPlatforms) = postSolution
		{276C4569-5036-4DBD-AD34-126670A390BB}.Debug|Any CPU.ActiveCfg = Debug|Any CPU
		{276C4569-5036-4DBD-AD34-126670A390BB}.Debug|Any CPU.Build.0 = Debug|Any CPU
		{276C4569-5036-4DBD-AD34-126670A390BB}.Release|Any CPU.ActiveCfg = Release|Any CPU
		{276C4569-5036-4DBD-AD34-126670A390BB}.Release|Any CPU.Build.0 = Release|Any CPU
	EndGlobalSection
	GlobalSection(SolutionProperties) = preSolution
		HideSolutionNode = FALSE
	EndGlobalSection
	GlobalSection(NestedProjects) = preSolution
		{276C4569-5036-4DBD-AD34-126670A390BB} = {6B48C442-4909-4C3E-AC47-BBA3F7438130}
	EndGlobalSection
	GlobalSection(ExtensibilityGlobals) = postSolution
		SolutionGuid = {994CC9AE-DD57-4C23-B2EF-9F913B22F86F}
	EndGlobalSection
EndGlobal
